// !$*UTF8*$!
{
	archiveVersion = 1;
	classes = {
	};
	objectVersion = 60;
	objects = {

/* Begin PBXBuildFile section */
		EF02824C2C3EE7DA00B5FB4F /* SwiftuiAuthBaseApp.swift in Sources */ = {isa = PBXBuildFile; fileRef = EF02824B2C3EE7DA00B5FB4F /* SwiftuiAuthBaseApp.swift */; };
		EF02824E2C3EE7DA00B5FB4F /* ContentView.swift in Sources */ = {isa = PBXBuildFile; fileRef = EF02824D2C3EE7DA00B5FB4F /* ContentView.swift */; };
		EF0282502C3EE7DB00B5FB4F /* Assets.xcassets in Resources */ = {isa = PBXBuildFile; fileRef = EF02824F2C3EE7DB00B5FB4F /* Assets.xcassets */; };
		EF0282532C3EE7DB00B5FB4F /* Preview Assets.xcassets in Resources */ = {isa = PBXBuildFile; fileRef = EF0282522C3EE7DB00B5FB4F /* Preview Assets.xcassets */; };
		EF0282612C3EE96500B5FB4F /* LoginView.swift in Sources */ = {isa = PBXBuildFile; fileRef = EF0282602C3EE96500B5FB4F /* LoginView.swift */; };
		EF0282632C3EEB6100B5FB4F /* ImputView.swift in Sources */ = {isa = PBXBuildFile; fileRef = EF0282622C3EEB6100B5FB4F /* ImputView.swift */; };
		EF0282652C3EF12100B5FB4F /* RegistrationView.swift in Sources */ = {isa = PBXBuildFile; fileRef = EF0282642C3EF12100B5FB4F /* RegistrationView.swift */; };
		EF0282672C3EF5A100B5FB4F /* ProfileView.swift in Sources */ = {isa = PBXBuildFile; fileRef = EF0282662C3EF5A100B5FB4F /* ProfileView.swift */; };
		EF0282692C3EF7C300B5FB4F /* SettingsRowView.swift in Sources */ = {isa = PBXBuildFile; fileRef = EF0282682C3EF7C300B5FB4F /* SettingsRowView.swift */; };
		EF02826B2C3EFC8000B5FB4F /* User.swift in Sources */ = {isa = PBXBuildFile; fileRef = EF02826A2C3EFC8000B5FB4F /* User.swift */; };
		EF02826D2C3EFFD200B5FB4F /* README.md in Resources */ = {isa = PBXBuildFile; fileRef = EF02826C2C3EFFD200B5FB4F /* README.md */; };
		EF02826F2C3F1C1500B5FB4F /* GoogleService-Info.plist in Resources */ = {isa = PBXBuildFile; fileRef = EF02826E2C3F1C1500B5FB4F /* GoogleService-Info.plist */; };
		EF0282722C3F1CFC00B5FB4F /* FirebaseAuth in Frameworks */ = {isa = PBXBuildFile; productRef = EF0282712C3F1CFC00B5FB4F /* FirebaseAuth */; };
		EF0282742C3F1CFC00B5FB4F /* FirebaseAuthCombine-Community in Frameworks */ = {isa = PBXBuildFile; productRef = EF0282732C3F1CFC00B5FB4F /* FirebaseAuthCombine-Community */; };
		EF0282762C3F1CFC00B5FB4F /* FirebaseFirestore in Frameworks */ = {isa = PBXBuildFile; productRef = EF0282752C3F1CFC00B5FB4F /* FirebaseFirestore */; };
		EF0282782C3F1CFC00B5FB4F /* FirebaseFirestoreSwift in Frameworks */ = {isa = PBXBuildFile; productRef = EF0282772C3F1CFC00B5FB4F /* FirebaseFirestoreSwift */; };
		EF02827A2C3F1CFC00B5FB4F /* FirebaseRemoteConfig in Frameworks */ = {isa = PBXBuildFile; productRef = EF0282792C3F1CFC00B5FB4F /* FirebaseRemoteConfig */; };
		EF02827C2C3F1CFC00B5FB4F /* FirebaseRemoteConfigSwift in Frameworks */ = {isa = PBXBuildFile; productRef = EF02827B2C3F1CFC00B5FB4F /* FirebaseRemoteConfigSwift */; };
		EF02827E2C3F1CFC00B5FB4F /* FirebaseStorage in Frameworks */ = {isa = PBXBuildFile; productRef = EF02827D2C3F1CFC00B5FB4F /* FirebaseStorage */; };
		EF03BF3E2C40364300CC4487 /* AuthService.swift in Sources */ = {isa = PBXBuildFile; fileRef = EF03BF3D2C40364300CC4487 /* AuthService.swift */; };
		EF03BF402C40367A00CC4487 /* LoginViewModel.swift in Sources */ = {isa = PBXBuildFile; fileRef = EF03BF3F2C40367A00CC4487 /* LoginViewModel.swift */; };
		EF03BF422C40384600CC4487 /* RegistrationViewModel.swift in Sources */ = {isa = PBXBuildFile; fileRef = EF03BF412C40384600CC4487 /* RegistrationViewModel.swift */; };
		EF346BA52C412CC3000F8940 /* ResetPasswordView.swift in Sources */ = {isa = PBXBuildFile; fileRef = EF346BA42C412CC3000F8940 /* ResetPasswordView.swift */; };
		EFEDFDCD2C40F3850067AE5D /* ProfileViewModel.swift in Sources */ = {isa = PBXBuildFile; fileRef = EFEDFDCC2C40F3850067AE5D /* ProfileViewModel.swift */; };
		EFEDFDD12C40F9F00067AE5D /* Item.swift in Sources */ = {isa = PBXBuildFile; fileRef = EFEDFDD02C40F9F00067AE5D /* Item.swift */; };
/* End PBXBuildFile section */

/* Begin PBXFileReference section */
		EF0282482C3EE7DA00B5FB4F /* SwiftuiAuthBase.app */ = {isa = PBXFileReference; explicitFileType = wrapper.application; includeInIndex = 0; path = SwiftuiAuthBase.app; sourceTree = BUILT_PRODUCTS_DIR; };
		EF02824B2C3EE7DA00B5FB4F /* SwiftuiAuthBaseApp.swift */ = {isa = PBXFileReference; lastKnownFileType = sourcecode.swift; path = SwiftuiAuthBaseApp.swift; sourceTree = "<group>"; };
		EF02824D2C3EE7DA00B5FB4F /* ContentView.swift */ = {isa = PBXFileReference; lastKnownFileType = sourcecode.swift; path = ContentView.swift; sourceTree = "<group>"; };
		EF02824F2C3EE7DB00B5FB4F /* Assets.xcassets */ = {isa = PBXFileReference; lastKnownFileType = folder.assetcatalog; path = Assets.xcassets; sourceTree = "<group>"; };
		EF0282522C3EE7DB00B5FB4F /* Preview Assets.xcassets */ = {isa = PBXFileReference; lastKnownFileType = folder.assetcatalog; path = "Preview Assets.xcassets"; sourceTree = "<group>"; };
		EF0282602C3EE96500B5FB4F /* LoginView.swift */ = {isa = PBXFileReference; lastKnownFileType = sourcecode.swift; path = LoginView.swift; sourceTree = "<group>"; };
		EF0282622C3EEB6100B5FB4F /* ImputView.swift */ = {isa = PBXFileReference; lastKnownFileType = sourcecode.swift; path = ImputView.swift; sourceTree = "<group>"; };
		EF0282642C3EF12100B5FB4F /* RegistrationView.swift */ = {isa = PBXFileReference; lastKnownFileType = sourcecode.swift; path = RegistrationView.swift; sourceTree = "<group>"; };
		EF0282662C3EF5A100B5FB4F /* ProfileView.swift */ = {isa = PBXFileReference; lastKnownFileType = sourcecode.swift; path = ProfileView.swift; sourceTree = "<group>"; };
		EF0282682C3EF7C300B5FB4F /* SettingsRowView.swift */ = {isa = PBXFileReference; lastKnownFileType = sourcecode.swift; path = SettingsRowView.swift; sourceTree = "<group>"; };
		EF02826A2C3EFC8000B5FB4F /* User.swift */ = {isa = PBXFileReference; lastKnownFileType = sourcecode.swift; path = User.swift; sourceTree = "<group>"; };
		EF02826C2C3EFFD200B5FB4F /* README.md */ = {isa = PBXFileReference; lastKnownFileType = net.daringfireball.markdown; path = README.md; sourceTree = "<group>"; };
		EF02826E2C3F1C1500B5FB4F /* GoogleService-Info.plist */ = {isa = PBXFileReference; lastKnownFileType = text.plist.xml; path = "GoogleService-Info.plist"; sourceTree = "<group>"; };
		EF03BF3D2C40364300CC4487 /* AuthService.swift */ = {isa = PBXFileReference; lastKnownFileType = sourcecode.swift; path = AuthService.swift; sourceTree = "<group>"; };
		EF03BF3F2C40367A00CC4487 /* LoginViewModel.swift */ = {isa = PBXFileReference; lastKnownFileType = sourcecode.swift; path = LoginViewModel.swift; sourceTree = "<group>"; };
		EF03BF412C40384600CC4487 /* RegistrationViewModel.swift */ = {isa = PBXFileReference; lastKnownFileType = sourcecode.swift; path = RegistrationViewModel.swift; sourceTree = "<group>"; };
		EF346BA42C412CC3000F8940 /* ResetPasswordView.swift */ = {isa = PBXFileReference; lastKnownFileType = sourcecode.swift; path = ResetPasswordView.swift; sourceTree = "<group>"; };
		EFEDFDCC2C40F3850067AE5D /* ProfileViewModel.swift */ = {isa = PBXFileReference; lastKnownFileType = sourcecode.swift; path = ProfileViewModel.swift; sourceTree = "<group>"; };
		EFEDFDD02C40F9F00067AE5D /* Item.swift */ = {isa = PBXFileReference; lastKnownFileType = sourcecode.swift; path = Item.swift; sourceTree = "<group>"; };
/* End PBXFileReference section */

/* Begin PBXFrameworksBuildPhase section */
		EF0282452C3EE7DA00B5FB4F /* Frameworks */ = {
			isa = PBXFrameworksBuildPhase;
			buildActionMask = 2147483647;
			files = (
				EF0282722C3F1CFC00B5FB4F /* FirebaseAuth in Frameworks */,
				EF0282742C3F1CFC00B5FB4F /* FirebaseAuthCombine-Community in Frameworks */,
				EF0282762C3F1CFC00B5FB4F /* FirebaseFirestore in Frameworks */,
				EF02827C2C3F1CFC00B5FB4F /* FirebaseRemoteConfigSwift in Frameworks */,
				EF02827E2C3F1CFC00B5FB4F /* FirebaseStorage in Frameworks */,
				EF0282782C3F1CFC00B5FB4F /* FirebaseFirestoreSwift in Frameworks */,
				EF02827A2C3F1CFC00B5FB4F /* FirebaseRemoteConfig in Frameworks */,
			);
			runOnlyForDeploymentPostprocessing = 0;
		};
/* End PBXFrameworksBuildPhase section */

/* Begin PBXGroup section */
		EF02823F2C3EE7DA00B5FB4F = {
			isa = PBXGroup;
			children = (
				EF02826C2C3EFFD200B5FB4F /* README.md */,
				EF02824A2C3EE7DA00B5FB4F /* SwiftuiAuthBase */,
				EF0282492C3EE7DA00B5FB4F /* Products */,
			);
			sourceTree = "<group>";
		};
		EF0282492C3EE7DA00B5FB4F /* Products */ = {
			isa = PBXGroup;
			children = (
				EF0282482C3EE7DA00B5FB4F /* SwiftuiAuthBase.app */,
			);
			name = Products;
			sourceTree = "<group>";
		};
		EF02824A2C3EE7DA00B5FB4F /* SwiftuiAuthBase */ = {
			isa = PBXGroup;
			children = (
				EF02825D2C3EE86500B5FB4F /* App */,
				EF02825B2C3EE85C00B5FB4F /* Components */,
				EF02825C2C3EE86100B5FB4F /* Core */,
				EF02825A2C3EE85800B5FB4F /* Models */,
				EF02826E2C3F1C1500B5FB4F /* GoogleService-Info.plist */,
				EF02824F2C3EE7DB00B5FB4F /* Assets.xcassets */,
				EF0282512C3EE7DB00B5FB4F /* Preview Content */,
			);
			path = SwiftuiAuthBase;
			sourceTree = "<group>";
		};
		EF0282512C3EE7DB00B5FB4F /* Preview Content */ = {
			isa = PBXGroup;
			children = (
				EF0282522C3EE7DB00B5FB4F /* Preview Assets.xcassets */,
			);
			path = "Preview Content";
			sourceTree = "<group>";
		};
		EF0282592C3EE85500B5FB4F /* Root */ = {
			isa = PBXGroup;
			children = (
				EF02824D2C3EE7DA00B5FB4F /* ContentView.swift */,
			);
			path = Root;
			sourceTree = "<group>";
		};
		EF02825A2C3EE85800B5FB4F /* Models */ = {
			isa = PBXGroup;
			children = (
				EF02826A2C3EFC8000B5FB4F /* User.swift */,
				EFEDFDD02C40F9F00067AE5D /* Item.swift */,
			);
			path = Models;
			sourceTree = "<group>";
		};
		EF02825B2C3EE85C00B5FB4F /* Components */ = {
			isa = PBXGroup;
			children = (
				EF0282622C3EEB6100B5FB4F /* ImputView.swift */,
				EF0282682C3EF7C300B5FB4F /* SettingsRowView.swift */,
			);
			path = Components;
			sourceTree = "<group>";
		};
		EF02825C2C3EE86100B5FB4F /* Core */ = {
			isa = PBXGroup;
			children = (
				EF0282592C3EE85500B5FB4F /* Root */,
				EF02825E2C3EE91100B5FB4F /* Authentication */,
				EFEDFDC82C40ED2E0067AE5D /* Items */,
				EF02825F2C3EE92200B5FB4F /* Profile */,
			);
			path = Core;
			sourceTree = "<group>";
		};
		EF02825D2C3EE86500B5FB4F /* App */ = {
			isa = PBXGroup;
			children = (
				EF02824B2C3EE7DA00B5FB4F /* SwiftuiAuthBaseApp.swift */,
			);
			path = App;
			sourceTree = "<group>";
		};
		EF02825E2C3EE91100B5FB4F /* Authentication */ = {
			isa = PBXGroup;
			children = (
				EF0282802C3F1E9300B5FB4F /* Views */,
				EF02827F2C3F1E8000B5FB4F /* ViewModels */,
				EF03BF3C2C40361500CC4487 /* Service */,
			);
			path = Authentication;
			sourceTree = "<group>";
		};
		EF02825F2C3EE92200B5FB4F /* Profile */ = {
			isa = PBXGroup;
			children = (
				EFEDFDC92C40ED530067AE5D /* Views */,
				EFEDFDCA2C40ED5D0067AE5D /* ViewModels */,
				EFEDFDCB2C40ED6D0067AE5D /* Service */,
			);
			path = Profile;
			sourceTree = "<group>";
		};
		EF02827F2C3F1E8000B5FB4F /* ViewModels */ = {
			isa = PBXGroup;
			children = (
				EF03BF3F2C40367A00CC4487 /* LoginViewModel.swift */,
				EF03BF412C40384600CC4487 /* RegistrationViewModel.swift */,
			);
			path = ViewModels;
			sourceTree = "<group>";
		};
		EF0282802C3F1E9300B5FB4F /* Views */ = {
			isa = PBXGroup;
			children = (
				EF0282602C3EE96500B5FB4F /* LoginView.swift */,
				EF0282642C3EF12100B5FB4F /* RegistrationView.swift */,
				EF346BA42C412CC3000F8940 /* ResetPasswordView.swift */,
			);
			path = Views;
			sourceTree = "<group>";
		};
		EF03BF3C2C40361500CC4487 /* Service */ = {
			isa = PBXGroup;
			children = (
				EF03BF3D2C40364300CC4487 /* AuthService.swift */,
			);
			path = Service;
			sourceTree = "<group>";
		};
		EFEDFDC82C40ED2E0067AE5D /* Items */ = {
			isa = PBXGroup;
			children = (
				EFEDFDD42C40FA740067AE5D /* Views */,
				EFEDFDD32C40FA710067AE5D /* ViewModels */,
				EFEDFDD22C40FA6E0067AE5D /* Service */,
			);
			path = Items;
			sourceTree = "<group>";
		};
		EFEDFDC92C40ED530067AE5D /* Views */ = {
			isa = PBXGroup;
			children = (
				EF0282662C3EF5A100B5FB4F /* ProfileView.swift */,
			);
			path = Views;
			sourceTree = "<group>";
		};
		EFEDFDCA2C40ED5D0067AE5D /* ViewModels */ = {
			isa = PBXGroup;
			children = (
				EFEDFDCC2C40F3850067AE5D /* ProfileViewModel.swift */,
			);
			path = ViewModels;
			sourceTree = "<group>";
		};
		EFEDFDCB2C40ED6D0067AE5D /* Service */ = {
			isa = PBXGroup;
			children = (
			);
			path = Service;
			sourceTree = "<group>";
		};
		EFEDFDD22C40FA6E0067AE5D /* Service */ = {
			isa = PBXGroup;
			children = (
			);
			path = Service;
			sourceTree = "<group>";
		};
		EFEDFDD32C40FA710067AE5D /* ViewModels */ = {
			isa = PBXGroup;
			children = (
			);
			path = ViewModels;
			sourceTree = "<group>";
		};
		EFEDFDD42C40FA740067AE5D /* Views */ = {
			isa = PBXGroup;
			children = (
			);
			path = Views;
			sourceTree = "<group>";
		};
/* End PBXGroup section */

/* Begin PBXNativeTarget section */
		EF0282472C3EE7DA00B5FB4F /* SwiftuiAuthBase */ = {
			isa = PBXNativeTarget;
			buildConfigurationList = EF0282562C3EE7DB00B5FB4F /* Build configuration list for PBXNativeTarget "SwiftuiAuthBase" */;
			buildPhases = (
				EF0282442C3EE7DA00B5FB4F /* Sources */,
				EF0282452C3EE7DA00B5FB4F /* Frameworks */,
				EF0282462C3EE7DA00B5FB4F /* Resources */,
			);
			buildRules = (
			);
			dependencies = (
			);
			name = SwiftuiAuthBase;
			packageProductDependencies = (
				EF0282712C3F1CFC00B5FB4F /* FirebaseAuth */,
				EF0282732C3F1CFC00B5FB4F /* FirebaseAuthCombine-Community */,
				EF0282752C3F1CFC00B5FB4F /* FirebaseFirestore */,
				EF0282772C3F1CFC00B5FB4F /* FirebaseFirestoreSwift */,
				EF0282792C3F1CFC00B5FB4F /* FirebaseRemoteConfig */,
				EF02827B2C3F1CFC00B5FB4F /* FirebaseRemoteConfigSwift */,
				EF02827D2C3F1CFC00B5FB4F /* FirebaseStorage */,
			);
			productName = SwiftuiAuthBase;
			productReference = EF0282482C3EE7DA00B5FB4F /* SwiftuiAuthBase.app */;
			productType = "com.apple.product-type.application";
		};
/* End PBXNativeTarget section */

/* Begin PBXProject section */
		EF0282402C3EE7DA00B5FB4F /* Project object */ = {
			isa = PBXProject;
			attributes = {
				BuildIndependentTargetsInParallel = 1;
				LastSwiftUpdateCheck = 1600;
				LastUpgradeCheck = 1600;
				TargetAttributes = {
					EF0282472C3EE7DA00B5FB4F = {
						CreatedOnToolsVersion = 16.0;
					};
				};
			};
			buildConfigurationList = EF0282432C3EE7DA00B5FB4F /* Build configuration list for PBXProject "SwiftuiAuthBase" */;
			compatibilityVersion = "Xcode 15.0";
			developmentRegion = en;
			hasScannedForEncodings = 0;
			knownRegions = (
				en,
				Base,
			);
			mainGroup = EF02823F2C3EE7DA00B5FB4F;
			packageReferences = (
				EF0282702C3F1CFC00B5FB4F /* XCRemoteSwiftPackageReference "firebase-ios-sdk" */,
			);
			productRefGroup = EF0282492C3EE7DA00B5FB4F /* Products */;
			projectDirPath = "";
			projectRoot = "";
			targets = (
				EF0282472C3EE7DA00B5FB4F /* SwiftuiAuthBase */,
			);
		};
/* End PBXProject section */

/* Begin PBXResourcesBuildPhase section */
		EF0282462C3EE7DA00B5FB4F /* Resources */ = {
			isa = PBXResourcesBuildPhase;
			buildActionMask = 2147483647;
			files = (
				EF02826D2C3EFFD200B5FB4F /* README.md in Resources */,
				EF02826F2C3F1C1500B5FB4F /* GoogleService-Info.plist in Resources */,
				EF0282532C3EE7DB00B5FB4F /* Preview Assets.xcassets in Resources */,
				EF0282502C3EE7DB00B5FB4F /* Assets.xcassets in Resources */,
			);
			runOnlyForDeploymentPostprocessing = 0;
		};
/* End PBXResourcesBuildPhase section */

/* Begin PBXSourcesBuildPhase section */
		EF0282442C3EE7DA00B5FB4F /* Sources */ = {
			isa = PBXSourcesBuildPhase;
			buildActionMask = 2147483647;
			files = (
				EF0282632C3EEB6100B5FB4F /* ImputView.swift in Sources */,
				EF03BF422C40384600CC4487 /* RegistrationViewModel.swift in Sources */,
				EF0282612C3EE96500B5FB4F /* LoginView.swift in Sources */,
				EF03BF402C40367A00CC4487 /* LoginViewModel.swift in Sources */,
				EF02824E2C3EE7DA00B5FB4F /* ContentView.swift in Sources */,
				EF02824C2C3EE7DA00B5FB4F /* SwiftuiAuthBaseApp.swift in Sources */,
				EFEDFDCD2C40F3850067AE5D /* ProfileViewModel.swift in Sources */,
				EFEDFDD12C40F9F00067AE5D /* Item.swift in Sources */,
				EF346BA52C412CC3000F8940 /* ResetPasswordView.swift in Sources */,
				EF02826B2C3EFC8000B5FB4F /* User.swift in Sources */,
				EF0282672C3EF5A100B5FB4F /* ProfileView.swift in Sources */,
				EF0282652C3EF12100B5FB4F /* RegistrationView.swift in Sources */,
				EF03BF3E2C40364300CC4487 /* AuthService.swift in Sources */,
				EF0282692C3EF7C300B5FB4F /* SettingsRowView.swift in Sources */,
			);
			runOnlyForDeploymentPostprocessing = 0;
		};
/* End PBXSourcesBuildPhase section */

/* Begin XCBuildConfiguration section */
		EF0282542C3EE7DB00B5FB4F /* Debug */ = {
			isa = XCBuildConfiguration;
			buildSettings = {
				ALWAYS_SEARCH_USER_PATHS = NO;
				ASSETCATALOG_COMPILER_GENERATE_SWIFT_ASSET_SYMBOL_EXTENSIONS = YES;
				CLANG_ANALYZER_NONNULL = YES;
				CLANG_ANALYZER_NUMBER_OBJECT_CONVERSION = YES_AGGRESSIVE;
				CLANG_CXX_LANGUAGE_STANDARD = "gnu++20";
				CLANG_ENABLE_MODULES = YES;
				CLANG_ENABLE_OBJC_ARC = YES;
				CLANG_ENABLE_OBJC_WEAK = YES;
				CLANG_WARN_BLOCK_CAPTURE_AUTORELEASING = YES;
				CLANG_WARN_BOOL_CONVERSION = YES;
				CLANG_WARN_COMMA = YES;
				CLANG_WARN_CONSTANT_CONVERSION = YES;
				CLANG_WARN_DEPRECATED_OBJC_IMPLEMENTATIONS = YES;
				CLANG_WARN_DIRECT_OBJC_ISA_USAGE = YES_ERROR;
				CLANG_WARN_DOCUMENTATION_COMMENTS = YES;
				CLANG_WARN_EMPTY_BODY = YES;
				CLANG_WARN_ENUM_CONVERSION = YES;
				CLANG_WARN_INFINITE_RECURSION = YES;
				CLANG_WARN_INT_CONVERSION = YES;
				CLANG_WARN_NON_LITERAL_NULL_CONVERSION = YES;
				CLANG_WARN_OBJC_IMPLICIT_RETAIN_SELF = YES;
				CLANG_WARN_OBJC_LITERAL_CONVERSION = YES;
				CLANG_WARN_OBJC_ROOT_CLASS = YES_ERROR;
				CLANG_WARN_QUOTED_INCLUDE_IN_FRAMEWORK_HEADER = YES;
				CLANG_WARN_RANGE_LOOP_ANALYSIS = YES;
				CLANG_WARN_STRICT_PROTOTYPES = YES;
				CLANG_WARN_SUSPICIOUS_MOVE = YES;
				CLANG_WARN_UNGUARDED_AVAILABILITY = YES_AGGRESSIVE;
				CLANG_WARN_UNREACHABLE_CODE = YES;
				CLANG_WARN__DUPLICATE_METHOD_MATCH = YES;
				COPY_PHASE_STRIP = NO;
				DEBUG_INFORMATION_FORMAT = dwarf;
				ENABLE_STRICT_OBJC_MSGSEND = YES;
				ENABLE_TESTABILITY = YES;
				ENABLE_USER_SCRIPT_SANDBOXING = YES;
				GCC_C_LANGUAGE_STANDARD = gnu17;
				GCC_DYNAMIC_NO_PIC = NO;
				GCC_NO_COMMON_BLOCKS = YES;
				GCC_OPTIMIZATION_LEVEL = 0;
				GCC_PREPROCESSOR_DEFINITIONS = (
					"DEBUG=1",
					"$(inherited)",
				);
				GCC_WARN_64_TO_32_BIT_CONVERSION = YES;
				GCC_WARN_ABOUT_RETURN_TYPE = YES_ERROR;
				GCC_WARN_UNDECLARED_SELECTOR = YES;
				GCC_WARN_UNINITIALIZED_AUTOS = YES_AGGRESSIVE;
				GCC_WARN_UNUSED_FUNCTION = YES;
				GCC_WARN_UNUSED_VARIABLE = YES;
				IPHONEOS_DEPLOYMENT_TARGET = 18.0;
				LOCALIZATION_PREFERS_STRING_CATALOGS = YES;
				MTL_ENABLE_DEBUG_INFO = INCLUDE_SOURCE;
				MTL_FAST_MATH = YES;
				ONLY_ACTIVE_ARCH = YES;
				SDKROOT = iphoneos;
				SWIFT_ACTIVE_COMPILATION_CONDITIONS = "DEBUG $(inherited)";
				SWIFT_OPTIMIZATION_LEVEL = "-Onone";
			};
			name = Debug;
		};
		EF0282552C3EE7DB00B5FB4F /* Release */ = {
			isa = XCBuildConfiguration;
			buildSettings = {
				ALWAYS_SEARCH_USER_PATHS = NO;
				ASSETCATALOG_COMPILER_GENERATE_SWIFT_ASSET_SYMBOL_EXTENSIONS = YES;
				CLANG_ANALYZER_NONNULL = YES;
				CLANG_ANALYZER_NUMBER_OBJECT_CONVERSION = YES_AGGRESSIVE;
				CLANG_CXX_LANGUAGE_STANDARD = "gnu++20";
				CLANG_ENABLE_MODULES = YES;
				CLANG_ENABLE_OBJC_ARC = YES;
				CLANG_ENABLE_OBJC_WEAK = YES;
				CLANG_WARN_BLOCK_CAPTURE_AUTORELEASING = YES;
				CLANG_WARN_BOOL_CONVERSION = YES;
				CLANG_WARN_COMMA = YES;
				CLANG_WARN_CONSTANT_CONVERSION = YES;
				CLANG_WARN_DEPRECATED_OBJC_IMPLEMENTATIONS = YES;
				CLANG_WARN_DIRECT_OBJC_ISA_USAGE = YES_ERROR;
				CLANG_WARN_DOCUMENTATION_COMMENTS = YES;
				CLANG_WARN_EMPTY_BODY = YES;
				CLANG_WARN_ENUM_CONVERSION = YES;
				CLANG_WARN_INFINITE_RECURSION = YES;
				CLANG_WARN_INT_CONVERSION = YES;
				CLANG_WARN_NON_LITERAL_NULL_CONVERSION = YES;
				CLANG_WARN_OBJC_IMPLICIT_RETAIN_SELF = YES;
				CLANG_WARN_OBJC_LITERAL_CONVERSION = YES;
				CLANG_WARN_OBJC_ROOT_CLASS = YES_ERROR;
				CLANG_WARN_QUOTED_INCLUDE_IN_FRAMEWORK_HEADER = YES;
				CLANG_WARN_RANGE_LOOP_ANALYSIS = YES;
				CLANG_WARN_STRICT_PROTOTYPES = YES;
				CLANG_WARN_SUSPICIOUS_MOVE = YES;
				CLANG_WARN_UNGUARDED_AVAILABILITY = YES_AGGRESSIVE;
				CLANG_WARN_UNREACHABLE_CODE = YES;
				CLANG_WARN__DUPLICATE_METHOD_MATCH = YES;
				COPY_PHASE_STRIP = NO;
				DEBUG_INFORMATION_FORMAT = "dwarf-with-dsym";
				ENABLE_NS_ASSERTIONS = NO;
				ENABLE_STRICT_OBJC_MSGSEND = YES;
				ENABLE_USER_SCRIPT_SANDBOXING = YES;
				GCC_C_LANGUAGE_STANDARD = gnu17;
				GCC_NO_COMMON_BLOCKS = YES;
				GCC_WARN_64_TO_32_BIT_CONVERSION = YES;
				GCC_WARN_ABOUT_RETURN_TYPE = YES_ERROR;
				GCC_WARN_UNDECLARED_SELECTOR = YES;
				GCC_WARN_UNINITIALIZED_AUTOS = YES_AGGRESSIVE;
				GCC_WARN_UNUSED_FUNCTION = YES;
				GCC_WARN_UNUSED_VARIABLE = YES;
				IPHONEOS_DEPLOYMENT_TARGET = 18.0;
				LOCALIZATION_PREFERS_STRING_CATALOGS = YES;
				MTL_ENABLE_DEBUG_INFO = NO;
				MTL_FAST_MATH = YES;
				SDKROOT = iphoneos;
				SWIFT_COMPILATION_MODE = wholemodule;
				VALIDATE_PRODUCT = YES;
			};
			name = Release;
		};
		EF0282572C3EE7DB00B5FB4F /* Debug */ = {
			isa = XCBuildConfiguration;
			buildSettings = {
				ASSETCATALOG_COMPILER_APPICON_NAME = AppIcon;
				ASSETCATALOG_COMPILER_GLOBAL_ACCENT_COLOR_NAME = AccentColor;
				CODE_SIGN_STYLE = Automatic;
				CURRENT_PROJECT_VERSION = 1;
				DEVELOPMENT_ASSET_PATHS = "\"SwiftuiAuthBase/Preview Content\"";
				DEVELOPMENT_TEAM = AFN965WVDV;
				ENABLE_PREVIEWS = YES;
				GENERATE_INFOPLIST_FILE = YES;
				INFOPLIST_KEY_UIApplicationSceneManifest_Generation = YES;
				INFOPLIST_KEY_UIApplicationSupportsIndirectInputEvents = YES;
				INFOPLIST_KEY_UILaunchScreen_Generation = YES;
				INFOPLIST_KEY_UISupportedInterfaceOrientations_iPad = "UIInterfaceOrientationPortrait UIInterfaceOrientationPortraitUpsideDown UIInterfaceOrientationLandscapeLeft UIInterfaceOrientationLandscapeRight";
				INFOPLIST_KEY_UISupportedInterfaceOrientations_iPhone = "UIInterfaceOrientationPortrait UIInterfaceOrientationLandscapeLeft UIInterfaceOrientationLandscapeRight";
				IPHONEOS_DEPLOYMENT_TARGET = 17.0;
				LD_RUNPATH_SEARCH_PATHS = (
					"$(inherited)",
					"@executable_path/Frameworks",
				);
				MARKETING_VERSION = 1.0;
				PRODUCT_BUNDLE_IDENTIFIER = Net.Silex.SwiftuiAuthBase;
				PRODUCT_NAME = "$(TARGET_NAME)";
				SWIFT_EMIT_LOC_STRINGS = YES;
				SWIFT_VERSION = 5.0;
				TARGETED_DEVICE_FAMILY = "1,2";
			};
			name = Debug;
		};
		EF0282582C3EE7DB00B5FB4F /* Release */ = {
			isa = XCBuildConfiguration;
			buildSettings = {
				ASSETCATALOG_COMPILER_APPICON_NAME = AppIcon;
				ASSETCATALOG_COMPILER_GLOBAL_ACCENT_COLOR_NAME = AccentColor;
				CODE_SIGN_STYLE = Automatic;
				CURRENT_PROJECT_VERSION = 1;
				DEVELOPMENT_ASSET_PATHS = "\"SwiftuiAuthBase/Preview Content\"";
				DEVELOPMENT_TEAM = AFN965WVDV;
				ENABLE_PREVIEWS = YES;
				GENERATE_INFOPLIST_FILE = YES;
				INFOPLIST_KEY_UIApplicationSceneManifest_Generation = YES;
				INFOPLIST_KEY_UIApplicationSupportsIndirectInputEvents = YES;
				INFOPLIST_KEY_UILaunchScreen_Generation = YES;
				INFOPLIST_KEY_UISupportedInterfaceOrientations_iPad = "UIInterfaceOrientationPortrait UIInterfaceOrientationPortraitUpsideDown UIInterfaceOrientationLandscapeLeft UIInterfaceOrientationLandscapeRight";
				INFOPLIST_KEY_UISupportedInterfaceOrientations_iPhone = "UIInterfaceOrientationPortrait UIInterfaceOrientationLandscapeLeft UIInterfaceOrientationLandscapeRight";
				IPHONEOS_DEPLOYMENT_TARGET = 17.0;
				LD_RUNPATH_SEARCH_PATHS = (
					"$(inherited)",
					"@executable_path/Frameworks",
				);
				MARKETING_VERSION = 1.0;
				PRODUCT_BUNDLE_IDENTIFIER = Net.Silex.SwiftuiAuthBase;
				PRODUCT_NAME = "$(TARGET_NAME)";
				SWIFT_EMIT_LOC_STRINGS = YES;
				SWIFT_VERSION = 5.0;
				TARGETED_DEVICE_FAMILY = "1,2";
			};
			name = Release;
		};
/* End XCBuildConfiguration section */

/* Begin XCConfigurationList section */
		EF0282432C3EE7DA00B5FB4F /* Build configuration list for PBXProject "SwiftuiAuthBase" */ = {
			isa = XCConfigurationList;
			buildConfigurations = (
				EF0282542C3EE7DB00B5FB4F /* Debug */,
				EF0282552C3EE7DB00B5FB4F /* Release */,
			);
			defaultConfigurationIsVisible = 0;
			defaultConfigurationName = Release;
		};
		EF0282562C3EE7DB00B5FB4F /* Build configuration list for PBXNativeTarget "SwiftuiAuthBase" */ = {
			isa = XCConfigurationList;
			buildConfigurations = (
				EF0282572C3EE7DB00B5FB4F /* Debug */,
				EF0282582C3EE7DB00B5FB4F /* Release */,
			);
			defaultConfigurationIsVisible = 0;
			defaultConfigurationName = Release;
		};
/* End XCConfigurationList section */

/* Begin XCRemoteSwiftPackageReference section */
		EF0282702C3F1CFC00B5FB4F /* XCRemoteSwiftPackageReference "firebase-ios-sdk" */ = {
			isa = XCRemoteSwiftPackageReference;
			repositoryURL = "https://github.com/firebase/firebase-ios-sdk";
			requirement = {
				kind = upToNextMajorVersion;
				minimumVersion = 10.29.0;
			};
		};
/* End XCRemoteSwiftPackageReference section */

/* Begin XCSwiftPackageProductDependency section */
		EF0282712C3F1CFC00B5FB4F /* FirebaseAuth */ = {
			isa = XCSwiftPackageProductDependency;
			package = EF0282702C3F1CFC00B5FB4F /* XCRemoteSwiftPackageReference "firebase-ios-sdk" */;
			productName = FirebaseAuth;
		};
		EF0282732C3F1CFC00B5FB4F /* FirebaseAuthCombine-Community */ = {
			isa = XCSwiftPackageProductDependency;
			package = EF0282702C3F1CFC00B5FB4F /* XCRemoteSwiftPackageReference "firebase-ios-sdk" */;
			productName = "FirebaseAuthCombine-Community";
		};
		EF0282752C3F1CFC00B5FB4F /* FirebaseFirestore */ = {
			isa = XCSwiftPackageProductDependency;
			package = EF0282702C3F1CFC00B5FB4F /* XCRemoteSwiftPackageReference "firebase-ios-sdk" */;
			productName = FirebaseFirestore;
		};
		EF0282772C3F1CFC00B5FB4F /* FirebaseFirestoreSwift */ = {
			isa = XCSwiftPackageProductDependency;
			package = EF0282702C3F1CFC00B5FB4F /* XCRemoteSwiftPackageReference "firebase-ios-sdk" */;
			productName = FirebaseFirestoreSwift;
		};
		EF0282792C3F1CFC00B5FB4F /* FirebaseRemoteConfig */ = {
			isa = XCSwiftPackageProductDependency;
			package = EF0282702C3F1CFC00B5FB4F /* XCRemoteSwiftPackageReference "firebase-ios-sdk" */;
			productName = FirebaseRemoteConfig;
		};
		EF02827B2C3F1CFC00B5FB4F /* FirebaseRemoteConfigSwift */ = {
			isa = XCSwiftPackageProductDependency;
			package = EF0282702C3F1CFC00B5FB4F /* XCRemoteSwiftPackageReference "firebase-ios-sdk" */;
			productName = FirebaseRemoteConfigSwift;
		};
		EF02827D2C3F1CFC00B5FB4F /* FirebaseStorage */ = {
			isa = XCSwiftPackageProductDependency;
			package = EF0282702C3F1CFC00B5FB4F /* XCRemoteSwiftPackageReference "firebase-ios-sdk" */;
			productName = FirebaseStorage;
		};
/* End XCSwiftPackageProductDependency section */
	};
	rootObject = EF0282402C3EE7DA00B5FB4F /* Project object */;
}
